
Microsoft Visual Studio Solution File, Format Version 12.00
Project("{FAE04EC0-301F-11D3-BF4B-00C04F79EFBC}") = "P8Conversion", "P8Conversion\P8Conversion.csproj", "{53262F66-9D76-49CC-9145-DC2FDE6FF35E}"
EndProject
Global
	GlobalSection(SolutionConfigurationPlatforms) = preSolution
		Debug|Any CPU = Debug|Any CPU
		Release|Any CPU = Release|Any CPU
	EndGlobalSection
	GlobalSection(ProjectConfigurationPlatforms) = postSolution
		{53262F66-9D76-49CC-9145-DC2FDE6FF35E}.Debug|Any CPU.ActiveCfg = Debug|Any CPU
		{53262F66-9D76-49CC-9145-DC2FDE6FF35E}.Debug|Any CPU.Build.0 = Debug|Any CPU
		{53262F66-9D76-49CC-9145-DC2FDE6FF35E}.Release|Any CPU.ActiveCfg = Release|Any CPU
		{53262F66-9D76-49CC-9145-DC2FDE6FF35E}.Release|Any CPU.Build.0 = Release|Any CPU
	EndGlobalSection
EndGlobal
